
Microsoft Visual Studio Solution File, Format Version 12.00
# Visual Studio Version 16
VisualStudioVersion = 16.0.29025.244
MinimumVisualStudioVersion = 10.0.40219.1
Project("{FAE04EC0-301F-11D3-BF4B-00C04F79EFBC}") = "OnDemandFuelCells", "OnDemandFuelCells.csproj", "{9ABC4BBB-E240-4B94-897D-8959580E87B9}"
EndProject
Global
	GlobalSection(SolutionConfigurationPlatforms) = preSolution
		Debug|Any CPU = Debug|Any CPU
		Release|Any CPU = Release|Any CPU
	EndGlobalSection
	GlobalSection(ProjectConfigurationPlatforms) = postSolution
		{9ABC4BBB-E240-4B94-897D-8959580E87B9}.Debug|Any CPU.ActiveCfg = Debug|Any CPU
		{9ABC4BBB-E240-4B94-897D-8959580E87B9}.Debug|Any CPU.Build.0 = Debug|Any CPU
		{9ABC4BBB-E240-4B94-897D-8959580E87B9}.Release|Any CPU.ActiveCfg = Release|Any CPU
		{9ABC4BBB-E240-4B94-897D-8959580E87B9}.Release|Any CPU.Build.0 = Release|Any CPU
	EndGlobalSection
	GlobalSection(SolutionProperties) = preSolution
		HideSolutionNode = FALSE
	EndGlobalSection
	GlobalSection(ExtensibilityGlobals) = postSolution
		SolutionGuid = {7B5173C9-205C-4103-B264-792D42999191}
	EndGlobalSection
	GlobalSection(MonoDevelopProperties) = preSolution
		Policies = $0
		$0.TextStylePolicy = $1
		$1.FileWidth = 80
		$1.TabsToSpaces = True
		$1.scope = text/plain
		$0.TextStylePolicy = $2
		$2.inheritsSet = null
		$2.scope = application/t4-template
	EndGlobalSection
EndGlobal
